// !$*UTF8*$!
{
	archiveVersion = 1;
	classes = {
	};
	objectVersion = 50;
	objects = {

/* Begin PBXBuildFile section */
		4448187A23327DC100F813EB /* AppDelegate.swift in Sources */ = {isa = PBXBuildFile; fileRef = 4448187923327DC100F813EB /* AppDelegate.swift */; };
		4448187C23327DC100F813EB /* MapVC.swift in Sources */ = {isa = PBXBuildFile; fileRef = 4448187B23327DC100F813EB /* MapVC.swift */; };
		4448187F23327DC200F813EB /* Main.storyboard in Resources */ = {isa = PBXBuildFile; fileRef = 4448187D23327DC200F813EB /* Main.storyboard */; };
		4448188123327DC700F813EB /* Assets.xcassets in Resources */ = {isa = PBXBuildFile; fileRef = 4448188023327DC700F813EB /* Assets.xcassets */; };
		4448188423327DC700F813EB /* LaunchScreen.storyboard in Resources */ = {isa = PBXBuildFile; fileRef = 4448188223327DC700F813EB /* LaunchScreen.storyboard */; };
		44D051EA2333F448004F462A /* PhotoCell.swift in Sources */ = {isa = PBXBuildFile; fileRef = 44D051E92333F448004F462A /* PhotoCell.swift */; };
		44D051EC2334E886004F462A /* Constants.swift in Sources */ = {isa = PBXBuildFile; fileRef = 44D051EB2334E886004F462A /* Constants.swift */; };
		44F7024B2332A14600A4F28C /* DropablePin.swift in Sources */ = {isa = PBXBuildFile; fileRef = 44F7024A2332A14600A4F28C /* DropablePin.swift */; };
		68AB92CF469D736D1AD0F723 /* Pods_MapIt.framework in Frameworks */ = {isa = PBXBuildFile; fileRef = 9951AB80C9E81C813CEDCE16 /* Pods_MapIt.framework */; };
/* End PBXBuildFile section */

/* Begin PBXFileReference section */
		1C57A735DDAA9DA30FB58CD3 /* Pods-MapIt.release.xcconfig */ = {isa = PBXFileReference; includeInIndex = 1; lastKnownFileType = text.xcconfig; name = "Pods-MapIt.release.xcconfig"; path = "Pods/Target Support Files/Pods-MapIt/Pods-MapIt.release.xcconfig"; sourceTree = "<group>"; };
		4448187623327DC100F813EB /* MapIt.app */ = {isa = PBXFileReference; explicitFileType = wrapper.application; includeInIndex = 0; path = MapIt.app; sourceTree = BUILT_PRODUCTS_DIR; };
		4448187923327DC100F813EB /* AppDelegate.swift */ = {isa = PBXFileReference; lastKnownFileType = sourcecode.swift; path = AppDelegate.swift; sourceTree = "<group>"; };
		4448187B23327DC100F813EB /* MapVC.swift */ = {isa = PBXFileReference; lastKnownFileType = sourcecode.swift; path = MapVC.swift; sourceTree = "<group>"; };
		4448187E23327DC200F813EB /* Base */ = {isa = PBXFileReference; lastKnownFileType = file.storyboard; name = Base; path = Base.lproj/Main.storyboard; sourceTree = "<group>"; };
		4448188023327DC700F813EB /* Assets.xcassets */ = {isa = PBXFileReference; lastKnownFileType = folder.assetcatalog; path = Assets.xcassets; sourceTree = "<group>"; };
		4448188323327DC700F813EB /* Base */ = {isa = PBXFileReference; lastKnownFileType = file.storyboard; name = Base; path = Base.lproj/LaunchScreen.storyboard; sourceTree = "<group>"; };
		4448188523327DC700F813EB /* Info.plist */ = {isa = PBXFileReference; lastKnownFileType = text.plist.xml; path = Info.plist; sourceTree = "<group>"; };
		44D051E92333F448004F462A /* PhotoCell.swift */ = {isa = PBXFileReference; lastKnownFileType = sourcecode.swift; path = PhotoCell.swift; sourceTree = "<group>"; };
		44D051EB2334E886004F462A /* Constants.swift */ = {isa = PBXFileReference; lastKnownFileType = sourcecode.swift; path = Constants.swift; sourceTree = "<group>"; };
		44F7024A2332A14600A4F28C /* DropablePin.swift */ = {isa = PBXFileReference; lastKnownFileType = sourcecode.swift; path = DropablePin.swift; sourceTree = "<group>"; };
		495487E4C84E65AA4FF78D18 /* Pods-MapIt.debug.xcconfig */ = {isa = PBXFileReference; includeInIndex = 1; lastKnownFileType = text.xcconfig; name = "Pods-MapIt.debug.xcconfig"; path = "Pods/Target Support Files/Pods-MapIt/Pods-MapIt.debug.xcconfig"; sourceTree = "<group>"; };
		9951AB80C9E81C813CEDCE16 /* Pods_MapIt.framework */ = {isa = PBXFileReference; explicitFileType = wrapper.framework; includeInIndex = 0; path = Pods_MapIt.framework; sourceTree = BUILT_PRODUCTS_DIR; };
/* End PBXFileReference section */

/* Begin PBXFrameworksBuildPhase section */
		4448187323327DC100F813EB /* Frameworks */ = {
			isa = PBXFrameworksBuildPhase;
			buildActionMask = 2147483647;
			files = (
				68AB92CF469D736D1AD0F723 /* Pods_MapIt.framework in Frameworks */,
			);
			runOnlyForDeploymentPostprocessing = 0;
		};
/* End PBXFrameworksBuildPhase section */

/* Begin PBXGroup section */
		3EC72F5523BAC1972D2C18B2 /* Frameworks */ = {
			isa = PBXGroup;
			children = (
				9951AB80C9E81C813CEDCE16 /* Pods_MapIt.framework */,
			);
			name = Frameworks;
			sourceTree = "<group>";
		};
		4448186D23327DC100F813EB = {
			isa = PBXGroup;
			children = (
				4448187823327DC100F813EB /* MapIt */,
				4448187723327DC100F813EB /* Products */,
				C9F0152DA0F2F2EA6E55EDB0 /* Pods */,
				3EC72F5523BAC1972D2C18B2 /* Frameworks */,
			);
			sourceTree = "<group>";
		};
		4448187723327DC100F813EB /* Products */ = {
			isa = PBXGroup;
			children = (
				4448187623327DC100F813EB /* MapIt.app */,
			);
			name = Products;
			sourceTree = "<group>";
		};
		4448187823327DC100F813EB /* MapIt */ = {
			isa = PBXGroup;
			children = (
				4448188E23327DEB00F813EB /* Model */,
				4448188D23327DE700F813EB /* View */,
				4448188C23327DE200F813EB /* Controller */,
				4448189023327E1400F813EB /* Utillities */,
				4448188F23327E0600F813EB /* Extensions */,
				4448187923327DC100F813EB /* AppDelegate.swift */,
				4448187D23327DC200F813EB /* Main.storyboard */,
				4448188023327DC700F813EB /* Assets.xcassets */,
				4448188223327DC700F813EB /* LaunchScreen.storyboard */,
				4448188523327DC700F813EB /* Info.plist */,
			);
			path = MapIt;
			sourceTree = "<group>";
		};
		4448188C23327DE200F813EB /* Controller */ = {
			isa = PBXGroup;
			children = (
				4448187B23327DC100F813EB /* MapVC.swift */,
			);
			path = Controller;
			sourceTree = "<group>";
		};
		4448188D23327DE700F813EB /* View */ = {
			isa = PBXGroup;
			children = (
				44F7024A2332A14600A4F28C /* DropablePin.swift */,
				44D051E92333F448004F462A /* PhotoCell.swift */,
			);
			path = View;
			sourceTree = "<group>";
		};
		4448188E23327DEB00F813EB /* Model */ = {
			isa = PBXGroup;
			children = (
			);
			path = Model;
			sourceTree = "<group>";
		};
		4448188F23327E0600F813EB /* Extensions */ = {
			isa = PBXGroup;
			children = (
			);
			path = Extensions;
			sourceTree = "<group>";
		};
		4448189023327E1400F813EB /* Utillities */ = {
			isa = PBXGroup;
			children = (
				44D051EB2334E886004F462A /* Constants.swift */,
			);
			path = Utillities;
			sourceTree = "<group>";
		};
		C9F0152DA0F2F2EA6E55EDB0 /* Pods */ = {
			isa = PBXGroup;
			children = (
				495487E4C84E65AA4FF78D18 /* Pods-MapIt.debug.xcconfig */,
				1C57A735DDAA9DA30FB58CD3 /* Pods-MapIt.release.xcconfig */,
			);
			name = Pods;
			sourceTree = "<group>";
		};
/* End PBXGroup section */

/* Begin PBXNativeTarget section */
		4448187523327DC100F813EB /* MapIt */ = {
			isa = PBXNativeTarget;
			buildConfigurationList = 4448188823327DC700F813EB /* Build configuration list for PBXNativeTarget "MapIt" */;
			buildPhases = (
				66D16927A05815D976F64242 /* [CP] Check Pods Manifest.lock */,
				4448187223327DC100F813EB /* Sources */,
				4448187323327DC100F813EB /* Frameworks */,
				4448187423327DC100F813EB /* Resources */,
				BFADCBACBBE789438DE3D07E /* [CP] Embed Pods Frameworks */,
			);
			buildRules = (
			);
			dependencies = (
			);
			name = MapIt;
			productName = MapIt;
			productReference = 4448187623327DC100F813EB /* MapIt.app */;
			productType = "com.apple.product-type.application";
		};
/* End PBXNativeTarget section */

/* Begin PBXProject section */
		4448186E23327DC100F813EB /* Project object */ = {
			isa = PBXProject;
			attributes = {
				LastSwiftUpdateCheck = 1030;
				LastUpgradeCheck = 1030;
				ORGANIZATIONNAME = "Nazar Petruk";
				TargetAttributes = {
					4448187523327DC100F813EB = {
						CreatedOnToolsVersion = 10.3;
					};
				};
			};
			buildConfigurationList = 4448187123327DC100F813EB /* Build configuration list for PBXProject "MapIt" */;
			compatibilityVersion = "Xcode 9.3";
			developmentRegion = en;
			hasScannedForEncodings = 0;
			knownRegions = (
				en,
				Base,
			);
			mainGroup = 4448186D23327DC100F813EB;
			productRefGroup = 4448187723327DC100F813EB /* Products */;
			projectDirPath = "";
			projectRoot = "";
			targets = (
				4448187523327DC100F813EB /* MapIt */,
			);
		};
/* End PBXProject section */

/* Begin PBXResourcesBuildPhase section */
		4448187423327DC100F813EB /* Resources */ = {
			isa = PBXResourcesBuildPhase;
			buildActionMask = 2147483647;
			files = (
				4448188423327DC700F813EB /* LaunchScreen.storyboard in Resources */,
				4448188123327DC700F813EB /* Assets.xcassets in Resources */,
				4448187F23327DC200F813EB /* Main.storyboard in Resources */,
			);
			runOnlyForDeploymentPostprocessing = 0;
		};
/* End PBXResourcesBuildPhase section */

/* Begin PBXShellScriptBuildPhase section */
		66D16927A05815D976F64242 /* [CP] Check Pods Manifest.lock */ = {
			isa = PBXShellScriptBuildPhase;
			buildActionMask = 2147483647;
			files = (
			);
			inputPaths = (
				"${PODS_PODFILE_DIR_PATH}/Podfile.lock",
				"${PODS_ROOT}/Manifest.lock",
			);
			name = "[CP] Check Pods Manifest.lock";
			outputPaths = (
				"$(DERIVED_FILE_DIR)/Pods-MapIt-checkManifestLockResult.txt",
			);
			runOnlyForDeploymentPostprocessing = 0;
			shellPath = /bin/sh;
			shellScript = "diff \"${PODS_PODFILE_DIR_PATH}/Podfile.lock\" \"${PODS_ROOT}/Manifest.lock\" > /dev/null\nif [ $? != 0 ] ; then\n    # print error to STDERR\n    echo \"error: The sandbox is not in sync with the Podfile.lock. Run 'pod install' or update your CocoaPods installation.\" >&2\n    exit 1\nfi\n# This output is used by Xcode 'outputs' to avoid re-running this script phase.\necho \"SUCCESS\" > \"${SCRIPT_OUTPUT_FILE_0}\"\n";
			showEnvVarsInLog = 0;
		};
		BFADCBACBBE789438DE3D07E /* [CP] Embed Pods Frameworks */ = {
			isa = PBXShellScriptBuildPhase;
			buildActionMask = 2147483647;
			files = (
			);
			inputPaths = (
				"${SRCROOT}/Pods/Target Support Files/Pods-MapIt/Pods-MapIt-frameworks.sh",
				"${BUILT_PRODUCTS_DIR}/Alamofire/Alamofire.framework",
				"${BUILT_PRODUCTS_DIR}/AlamofireImage/AlamofireImage.framework",
			);
			name = "[CP] Embed Pods Frameworks";
			outputPaths = (
				"${TARGET_BUILD_DIR}/${FRAMEWORKS_FOLDER_PATH}/Alamofire.framework",
				"${TARGET_BUILD_DIR}/${FRAMEWORKS_FOLDER_PATH}/AlamofireImage.framework",
			);
			runOnlyForDeploymentPostprocessing = 0;
			shellPath = /bin/sh;
			shellScript = "\"${SRCROOT}/Pods/Target Support Files/Pods-MapIt/Pods-MapIt-frameworks.sh\"\n";
			showEnvVarsInLog = 0;
		};
/* End PBXShellScriptBuildPhase section */

/* Begin PBXSourcesBuildPhase section */
		4448187223327DC100F813EB /* Sources */ = {
			isa = PBXSourcesBuildPhase;
			buildActionMask = 2147483647;
			files = (
				44D051EC2334E886004F462A /* Constants.swift in Sources */,
				44D051EA2333F448004F462A /* PhotoCell.swift in Sources */,
				4448187C23327DC100F813EB /* MapVC.swift in Sources */,
				44F7024B2332A14600A4F28C /* DropablePin.swift in Sources */,
				4448187A23327DC100F813EB /* AppDelegate.swift in Sources */,
			);
			runOnlyForDeploymentPostprocessing = 0;
		};
/* End PBXSourcesBuildPhase section */

/* Begin PBXVariantGroup section */
		4448187D23327DC200F813EB /* Main.storyboard */ = {
			isa = PBXVariantGroup;
			children = (
				4448187E23327DC200F813EB /* Base */,
			);
			name = Main.storyboard;
			sourceTree = "<group>";
		};
		4448188223327DC700F813EB /* LaunchScreen.storyboard */ = {
			isa = PBXVariantGroup;
			children = (
				4448188323327DC700F813EB /* Base */,
			);
			name = LaunchScreen.storyboard;
			sourceTree = "<group>";
		};
/* End PBXVariantGroup section */

/* Begin XCBuildConfiguration section */
		4448188623327DC700F813EB /* Debug */ = {
			isa = XCBuildConfiguration;
			buildSettings = {
				ALWAYS_SEARCH_USER_PATHS = NO;
				CLANG_ANALYZER_NONNULL = YES;
				CLANG_ANALYZER_NUMBER_OBJECT_CONVERSION = YES_AGGRESSIVE;
				CLANG_CXX_LANGUAGE_STANDARD = "gnu++14";
				CLANG_CXX_LIBRARY = "libc++";
				CLANG_ENABLE_MODULES = YES;
				CLANG_ENABLE_OBJC_ARC = YES;
				CLANG_ENABLE_OBJC_WEAK = YES;
				CLANG_WARN_BLOCK_CAPTURE_AUTORELEASING = YES;
				CLANG_WARN_BOOL_CONVERSION = YES;
				CLANG_WARN_COMMA = YES;
				CLANG_WARN_CONSTANT_CONVERSION = YES;
				CLANG_WARN_DEPRECATED_OBJC_IMPLEMENTATIONS = YES;
				CLANG_WARN_DIRECT_OBJC_ISA_USAGE = YES_ERROR;
				CLANG_WARN_DOCUMENTATION_COMMENTS = YES;
				CLANG_WARN_EMPTY_BODY = YES;
				CLANG_WARN_ENUM_CONVERSION = YES;
				CLANG_WARN_INFINITE_RECURSION = YES;
				CLANG_WARN_INT_CONVERSION = YES;
				CLANG_WARN_NON_LITERAL_NULL_CONVERSION = YES;
				CLANG_WARN_OBJC_IMPLICIT_RETAIN_SELF = YES;
				CLANG_WARN_OBJC_LITERAL_CONVERSION = YES;
				CLANG_WARN_OBJC_ROOT_CLASS = YES_ERROR;
				CLANG_WARN_RANGE_LOOP_ANALYSIS = YES;
				CLANG_WARN_STRICT_PROTOTYPES = YES;
				CLANG_WARN_SUSPICIOUS_MOVE = YES;
				CLANG_WARN_UNGUARDED_AVAILABILITY = YES_AGGRESSIVE;
				CLANG_WARN_UNREACHABLE_CODE = YES;
				CLANG_WARN__DUPLICATE_METHOD_MATCH = YES;
				CODE_SIGN_IDENTITY = "iPhone Developer";
				COPY_PHASE_STRIP = NO;
				DEBUG_INFORMATION_FORMAT = dwarf;
				ENABLE_STRICT_OBJC_MSGSEND = YES;
				ENABLE_TESTABILITY = YES;
				GCC_C_LANGUAGE_STANDARD = gnu11;
				GCC_DYNAMIC_NO_PIC = NO;
				GCC_NO_COMMON_BLOCKS = YES;
				GCC_OPTIMIZATION_LEVEL = 0;
				GCC_PREPROCESSOR_DEFINITIONS = (
					"DEBUG=1",
					"$(inherited)",
				);
				GCC_WARN_64_TO_32_BIT_CONVERSION = YES;
				GCC_WARN_ABOUT_RETURN_TYPE = YES_ERROR;
				GCC_WARN_UNDECLARED_SELECTOR = YES;
				GCC_WARN_UNINITIALIZED_AUTOS = YES_AGGRESSIVE;
				GCC_WARN_UNUSED_FUNCTION = YES;
				GCC_WARN_UNUSED_VARIABLE = YES;
				IPHONEOS_DEPLOYMENT_TARGET = 12.4;
				MTL_ENABLE_DEBUG_INFO = INCLUDE_SOURCE;
				MTL_FAST_MATH = YES;
				ONLY_ACTIVE_ARCH = YES;
				SDKROOT = iphoneos;
				SWIFT_ACTIVE_COMPILATION_CONDITIONS = DEBUG;
				SWIFT_OPTIMIZATION_LEVEL = "-Onone";
			};
			name = Debug;
		};
		4448188723327DC700F813EB /* Release */ = {
			isa = XCBuildConfiguration;
			buildSettings = {
				ALWAYS_SEARCH_USER_PATHS = NO;
				CLANG_ANALYZER_NONNULL = YES;
				CLANG_ANALYZER_NUMBER_OBJECT_CONVERSION = YES_AGGRESSIVE;
				CLANG_CXX_LANGUAGE_STANDARD = "gnu++14";
				CLANG_CXX_LIBRARY = "libc++";
				CLANG_ENABLE_MODULES = YES;
				CLANG_ENABLE_OBJC_ARC = YES;
				CLANG_ENABLE_OBJC_WEAK = YES;
				CLANG_WARN_BLOCK_CAPTURE_AUTORELEASING = YES;
				CLANG_WARN_BOOL_CONVERSION = YES;
				CLANG_WARN_COMMA = YES;
				CLANG_WARN_CONSTANT_CONVERSION = YES;
				CLANG_WARN_DEPRECATED_OBJC_IMPLEMENTATIONS = YES;
				CLANG_WARN_DIRECT_OBJC_ISA_USAGE = YES_ERROR;
				CLANG_WARN_DOCUMENTATION_COMMENTS = YES;
				CLANG_WARN_EMPTY_BODY = YES;
				CLANG_WARN_ENUM_CONVERSION = YES;
				CLANG_WARN_INFINITE_RECURSION = YES;
				CLANG_WARN_INT_CONVERSION = YES;
				CLANG_WARN_NON_LITERAL_NULL_CONVERSION = YES;
				CLANG_WARN_OBJC_IMPLICIT_RETAIN_SELF = YES;
				CLANG_WARN_OBJC_LITERAL_CONVERSION = YES;
				CLANG_WARN_OBJC_ROOT_CLASS = YES_ERROR;
				CLANG_WARN_RANGE_LOOP_ANALYSIS = YES;
				CLANG_WARN_STRICT_PROTOTYPES = YES;
				CLANG_WARN_SUSPICIOUS_MOVE = YES;
				CLANG_WARN_UNGUARDED_AVAILABILITY = YES_AGGRESSIVE;
				CLANG_WARN_UNREACHABLE_CODE = YES;
				CLANG_WARN__DUPLICATE_METHOD_MATCH = YES;
				CODE_SIGN_IDENTITY = "iPhone Developer";
				COPY_PHASE_STRIP = NO;
				DEBUG_INFORMATION_FORMAT = "dwarf-with-dsym";
				ENABLE_NS_ASSERTIONS = NO;
				ENABLE_STRICT_OBJC_MSGSEND = YES;
				GCC_C_LANGUAGE_STANDARD = gnu11;
				GCC_NO_COMMON_BLOCKS = YES;
				GCC_WARN_64_TO_32_BIT_CONVERSION = YES;
				GCC_WARN_ABOUT_RETURN_TYPE = YES_ERROR;
				GCC_WARN_UNDECLARED_SELECTOR = YES;
				GCC_WARN_UNINITIALIZED_AUTOS = YES_AGGRESSIVE;
				GCC_WARN_UNUSED_FUNCTION = YES;
				GCC_WARN_UNUSED_VARIABLE = YES;
				IPHONEOS_DEPLOYMENT_TARGET = 12.4;
				MTL_ENABLE_DEBUG_INFO = NO;
				MTL_FAST_MATH = YES;
				SDKROOT = iphoneos;
				SWIFT_COMPILATION_MODE = wholemodule;
				SWIFT_OPTIMIZATION_LEVEL = "-O";
				VALIDATE_PRODUCT = YES;
			};
			name = Release;
		};
		4448188923327DC700F813EB /* Debug */ = {
			isa = XCBuildConfiguration;
			baseConfigurationReference = 495487E4C84E65AA4FF78D18 /* Pods-MapIt.debug.xcconfig */;
			buildSettings = {
				ASSETCATALOG_COMPILER_APPICON_NAME = AppIcon;
				CODE_SIGN_STYLE = Automatic;
				DEVELOPMENT_TEAM = PRZ43Q4HD7;
				INFOPLIST_FILE = MapIt/Info.plist;
				LD_RUNPATH_SEARCH_PATHS = (
					"$(inherited)",
					"@executable_path/Frameworks",
				);
				PRODUCT_BUNDLE_IDENTIFIER = com.nazarDev.MapIt;
				PRODUCT_NAME = "$(TARGET_NAME)";
				SWIFT_VERSION = 5.0;
				TARGETED_DEVICE_FAMILY = 1;
			};
			name = Debug;
		};
		4448188A23327DC700F813EB /* Release */ = {
			isa = XCBuildConfiguration;
			baseConfigurationReference = 1C57A735DDAA9DA30FB58CD3 /* Pods-MapIt.release.xcconfig */;
			buildSettings = {
				ASSETCATALOG_COMPILER_APPICON_NAME = AppIcon;
				CODE_SIGN_STYLE = Automatic;
				DEVELOPMENT_TEAM = PRZ43Q4HD7;
				INFOPLIST_FILE = MapIt/Info.plist;
				LD_RUNPATH_SEARCH_PATHS = (
					"$(inherited)",
					"@executable_path/Frameworks",
				);
				PRODUCT_BUNDLE_IDENTIFIER = com.nazarDev.MapIt;
				PRODUCT_NAME = "$(TARGET_NAME)";
				SWIFT_VERSION = 5.0;
				TARGETED_DEVICE_FAMILY = 1;
			};
			name = Release;
		};
/* End XCBuildConfiguration section */

/* Begin XCConfigurationList section */
		4448187123327DC100F813EB /* Build configuration list for PBXProject "MapIt" */ = {
			isa = XCConfigurationList;
			buildConfigurations = (
				4448188623327DC700F813EB /* Debug */,
				4448188723327DC700F813EB /* Release */,
			);
			defaultConfigurationIsVisible = 0;
			defaultConfigurationName = Release;
		};
		4448188823327DC700F813EB /* Build configuration list for PBXNativeTarget "MapIt" */ = {
			isa = XCConfigurationList;
			buildConfigurations = (
				4448188923327DC700F813EB /* Debug */,
				4448188A23327DC700F813EB /* Release */,
			);
			defaultConfigurationIsVisible = 0;
			defaultConfigurationName = Release;
		};
/* End XCConfigurationList section */
	};
	rootObject = 4448186E23327DC100F813EB /* Project object */;
}
